
Microsoft Visual Studio Solution File, Format Version 12.00
# Visual Studio Version 17
VisualStudioVersion = 17.0.32112.339
MinimumVisualStudioVersion = 10.0.40219.1
Project("{9A19103F-16F7-4668-BE54-9A1E7A4F7556}") = "BookShopAsp", "BookShopAsp\BookShopAsp.csproj", "{1A885A6C-3A18-4D82-B423-5282CA567BAE}"
EndProject
Project("{FAE04EC0-301F-11D3-BF4B-00C04F79EFBC}") = "UnitTestBook", "UnitTestBook\UnitTestBook.csproj", "{4BDB6AA1-80C5-4B36-AE8F-3CC2410A0891}"
EndProject
Project("{FAE04EC0-301F-11D3-BF4B-00C04F79EFBC}") = "BookLiabrary", "BookLiabrary\BookLiabrary.csproj", "{5711A545-7AD1-4FF2-910C-50CB03B23DEE}"
EndProject
Project("{FAE04EC0-301F-11D3-BF4B-00C04F79EFBC}") = "LibraryTests", "LibraryTests\LibraryTests.csproj", "{1399CDF9-DD30-4FAF-B899-ED4B3AD1D957}"
EndProject
Global
	GlobalSection(SolutionConfigurationPlatforms) = preSolution
		Debug|Any CPU = Debug|Any CPU
		Release|Any CPU = Release|Any CPU
	EndGlobalSection
	GlobalSection(ProjectConfigurationPlatforms) = postSolution
		{1A885A6C-3A18-4D82-B423-5282CA567BAE}.Debug|Any CPU.ActiveCfg = Debug|Any CPU
		{1A885A6C-3A18-4D82-B423-5282CA567BAE}.Debug|Any CPU.Build.0 = Debug|Any CPU
		{1A885A6C-3A18-4D82-B423-5282CA567BAE}.Release|Any CPU.ActiveCfg = Release|Any CPU
		{1A885A6C-3A18-4D82-B423-5282CA567BAE}.Release|Any CPU.Build.0 = Release|Any CPU
		{4BDB6AA1-80C5-4B36-AE8F-3CC2410A0891}.Debug|Any CPU.ActiveCfg = Debug|Any CPU
		{4BDB6AA1-80C5-4B36-AE8F-3CC2410A0891}.Debug|Any CPU.Build.0 = Debug|Any CPU
		{4BDB6AA1-80C5-4B36-AE8F-3CC2410A0891}.Release|Any CPU.ActiveCfg = Release|Any CPU
		{4BDB6AA1-80C5-4B36-AE8F-3CC2410A0891}.Release|Any CPU.Build.0 = Release|Any CPU
		{5711A545-7AD1-4FF2-910C-50CB03B23DEE}.Debug|Any CPU.ActiveCfg = Debug|Any CPU
		{5711A545-7AD1-4FF2-910C-50CB03B23DEE}.Debug|Any CPU.Build.0 = Debug|Any CPU
		{5711A545-7AD1-4FF2-910C-50CB03B23DEE}.Release|Any CPU.ActiveCfg = Release|Any CPU
		{5711A545-7AD1-4FF2-910C-50CB03B23DEE}.Release|Any CPU.Build.0 = Release|Any CPU
		{1399CDF9-DD30-4FAF-B899-ED4B3AD1D957}.Debug|Any CPU.ActiveCfg = Debug|Any CPU
		{1399CDF9-DD30-4FAF-B899-ED4B3AD1D957}.Debug|Any CPU.Build.0 = Debug|Any CPU
		{1399CDF9-DD30-4FAF-B899-ED4B3AD1D957}.Release|Any CPU.ActiveCfg = Release|Any CPU
		{1399CDF9-DD30-4FAF-B899-ED4B3AD1D957}.Release|Any CPU.Build.0 = Release|Any CPU
	EndGlobalSection
	GlobalSection(SolutionProperties) = preSolution
		HideSolutionNode = FALSE
	EndGlobalSection
	GlobalSection(ExtensibilityGlobals) = postSolution
		SolutionGuid = {261E08EE-499C-45E9-9752-399833F23856}
	EndGlobalSection
EndGlobal
